// !$*UTF8*$!
{
	archiveVersion = 1;
	classes = {
	};
	objectVersion = 46;
	objects = {

/* Begin PBXBuildFile section */
		8A0EB7B11ECC3F560057DCFD /* hotel.jpg in Resources */ = {isa = PBXBuildFile; fileRef = 8A0EB7B01ECC3F560057DCFD /* hotel.jpg */; };
		8A6BB0B21EC9AF47009433A7 /* AppDelegate.swift in Sources */ = {isa = PBXBuildFile; fileRef = 8A6BB0B11EC9AF47009433A7 /* AppDelegate.swift */; };
		8A6BB0B41EC9AF47009433A7 /* ViewController.swift in Sources */ = {isa = PBXBuildFile; fileRef = 8A6BB0B31EC9AF47009433A7 /* ViewController.swift */; };
		8A6BB0B71EC9AF47009433A7 /* Main.storyboard in Resources */ = {isa = PBXBuildFile; fileRef = 8A6BB0B51EC9AF47009433A7 /* Main.storyboard */; };
		8A6BB0B91EC9AF47009433A7 /* Assets.xcassets in Resources */ = {isa = PBXBuildFile; fileRef = 8A6BB0B81EC9AF47009433A7 /* Assets.xcassets */; };
		8A6BB0BC1EC9AF47009433A7 /* LaunchScreen.storyboard in Resources */ = {isa = PBXBuildFile; fileRef = 8A6BB0BA1EC9AF47009433A7 /* LaunchScreen.storyboard */; };
		8A6BB0C71EC9AF48009433A7 /* BaiTap4Tests.swift in Sources */ = {isa = PBXBuildFile; fileRef = 8A6BB0C61EC9AF48009433A7 /* BaiTap4Tests.swift */; };
		8A6BB0D21EC9AF48009433A7 /* BaiTap4UITests.swift in Sources */ = {isa = PBXBuildFile; fileRef = 8A6BB0D11EC9AF48009433A7 /* BaiTap4UITests.swift */; };
/* End PBXBuildFile section */

/* Begin PBXContainerItemProxy section */
		8A6BB0C31EC9AF48009433A7 /* PBXContainerItemProxy */ = {
			isa = PBXContainerItemProxy;
			containerPortal = 8A6BB0A61EC9AF47009433A7 /* Project object */;
			proxyType = 1;
			remoteGlobalIDString = 8A6BB0AD1EC9AF47009433A7;
			remoteInfo = BaiTap4;
		};
		8A6BB0CE1EC9AF48009433A7 /* PBXContainerItemProxy */ = {
			isa = PBXContainerItemProxy;
			containerPortal = 8A6BB0A61EC9AF47009433A7 /* Project object */;
			proxyType = 1;
			remoteGlobalIDString = 8A6BB0AD1EC9AF47009433A7;
			remoteInfo = BaiTap4;
		};
/* End PBXContainerItemProxy section */

/* Begin PBXFileReference section */
		8A0EB7B01ECC3F560057DCFD /* hotel.jpg */ = {isa = PBXFileReference; lastKnownFileType = image.jpeg; name = hotel.jpg; path = ../../../hinh/hotel.jpg; sourceTree = "<group>"; };
		8A6BB0AE1EC9AF47009433A7 /* BaiTap4.app */ = {isa = PBXFileReference; explicitFileType = wrapper.application; includeInIndex = 0; path = BaiTap4.app; sourceTree = BUILT_PRODUCTS_DIR; };
		8A6BB0B11EC9AF47009433A7 /* AppDelegate.swift */ = {isa = PBXFileReference; lastKnownFileType = sourcecode.swift; path = AppDelegate.swift; sourceTree = "<group>"; };
		8A6BB0B31EC9AF47009433A7 /* ViewController.swift */ = {isa = PBXFileReference; lastKnownFileType = sourcecode.swift; path = ViewController.swift; sourceTree = "<group>"; };
		8A6BB0B61EC9AF47009433A7 /* Base */ = {isa = PBXFileReference; lastKnownFileType = file.storyboard; name = Base; path = Base.lproj/Main.storyboard; sourceTree = "<group>"; };
		8A6BB0B81EC9AF47009433A7 /* Assets.xcassets */ = {isa = PBXFileReference; lastKnownFileType = folder.assetcatalog; path = Assets.xcassets; sourceTree = "<group>"; };
		8A6BB0BB1EC9AF47009433A7 /* Base */ = {isa = PBXFileReference; lastKnownFileType = file.storyboard; name = Base; path = Base.lproj/LaunchScreen.storyboard; sourceTree = "<group>"; };
		8A6BB0BD1EC9AF47009433A7 /* Info.plist */ = {isa = PBXFileReference; lastKnownFileType = text.plist.xml; path = Info.plist; sourceTree = "<group>"; };
		8A6BB0C21EC9AF48009433A7 /* BaiTap4Tests.xctest */ = {isa = PBXFileReference; explicitFileType = wrapper.cfbundle; includeInIndex = 0; path = BaiTap4Tests.xctest; sourceTree = BUILT_PRODUCTS_DIR; };
		8A6BB0C61EC9AF48009433A7 /* BaiTap4Tests.swift */ = {isa = PBXFileReference; lastKnownFileType = sourcecode.swift; path = BaiTap4Tests.swift; sourceTree = "<group>"; };
		8A6BB0C81EC9AF48009433A7 /* Info.plist */ = {isa = PBXFileReference; lastKnownFileType = text.plist.xml; path = Info.plist; sourceTree = "<group>"; };
		8A6BB0CD1EC9AF48009433A7 /* BaiTap4UITests.xctest */ = {isa = PBXFileReference; explicitFileType = wrapper.cfbundle; includeInIndex = 0; path = BaiTap4UITests.xctest; sourceTree = BUILT_PRODUCTS_DIR; };
		8A6BB0D11EC9AF48009433A7 /* BaiTap4UITests.swift */ = {isa = PBXFileReference; lastKnownFileType = sourcecode.swift; path = BaiTap4UITests.swift; sourceTree = "<group>"; };
		8A6BB0D31EC9AF48009433A7 /* Info.plist */ = {isa = PBXFileReference; lastKnownFileType = text.plist.xml; path = Info.plist; sourceTree = "<group>"; };
/* End PBXFileReference section */

/* Begin PBXFrameworksBuildPhase section */
		8A6BB0AB1EC9AF47009433A7 /* Frameworks */ = {
			isa = PBXFrameworksBuildPhase;
			buildActionMask = 2147483647;
			files = (
			);
			runOnlyForDeploymentPostprocessing = 0;
		};
		8A6BB0BF1EC9AF48009433A7 /* Frameworks */ = {
			isa = PBXFrameworksBuildPhase;
			buildActionMask = 2147483647;
			files = (
			);
			runOnlyForDeploymentPostprocessing = 0;
		};
		8A6BB0CA1EC9AF48009433A7 /* Frameworks */ = {
			isa = PBXFrameworksBuildPhase;
			buildActionMask = 2147483647;
			files = (
			);
			runOnlyForDeploymentPostprocessing = 0;
		};
/* End PBXFrameworksBuildPhase section */

/* Begin PBXGroup section */
		8A0EB7B41ECC405E0057DCFD /* background */ = {
			isa = PBXGroup;
			children = (
				8A0EB7B01ECC3F560057DCFD /* hotel.jpg */,
			);
			name = background;
			sourceTree = "<group>";
		};
		8A6BB0A51EC9AF47009433A7 = {
			isa = PBXGroup;
			children = (
				8A6BB0B01EC9AF47009433A7 /* BaiTap4 */,
				8A6BB0C51EC9AF48009433A7 /* BaiTap4Tests */,
				8A6BB0D01EC9AF48009433A7 /* BaiTap4UITests */,
				8A6BB0AF1EC9AF47009433A7 /* Products */,
			);
			sourceTree = "<group>";
		};
		8A6BB0AF1EC9AF47009433A7 /* Products */ = {
			isa = PBXGroup;
			children = (
				8A6BB0AE1EC9AF47009433A7 /* BaiTap4.app */,
				8A6BB0C21EC9AF48009433A7 /* BaiTap4Tests.xctest */,
				8A6BB0CD1EC9AF48009433A7 /* BaiTap4UITests.xctest */,
			);
			name = Products;
			sourceTree = "<group>";
		};
		8A6BB0B01EC9AF47009433A7 /* BaiTap4 */ = {
			isa = PBXGroup;
			children = (
				8A0EB7B41ECC405E0057DCFD /* background */,
				8A6BB0B11EC9AF47009433A7 /* AppDelegate.swift */,
				8A6BB0B31EC9AF47009433A7 /* ViewController.swift */,
				8A6BB0B51EC9AF47009433A7 /* Main.storyboard */,
				8A6BB0B81EC9AF47009433A7 /* Assets.xcassets */,
				8A6BB0BA1EC9AF47009433A7 /* LaunchScreen.storyboard */,
				8A6BB0BD1EC9AF47009433A7 /* Info.plist */,
			);
			path = BaiTap4;
			sourceTree = "<group>";
		};
		8A6BB0C51EC9AF48009433A7 /* BaiTap4Tests */ = {
			isa = PBXGroup;
			children = (
				8A6BB0C61EC9AF48009433A7 /* BaiTap4Tests.swift */,
				8A6BB0C81EC9AF48009433A7 /* Info.plist */,
			);
			path = BaiTap4Tests;
			sourceTree = "<group>";
		};
		8A6BB0D01EC9AF48009433A7 /* BaiTap4UITests */ = {
			isa = PBXGroup;
			children = (
				8A6BB0D11EC9AF48009433A7 /* BaiTap4UITests.swift */,
				8A6BB0D31EC9AF48009433A7 /* Info.plist */,
			);
			path = BaiTap4UITests;
			sourceTree = "<group>";
		};
/* End PBXGroup section */

/* Begin PBXNativeTarget section */
		8A6BB0AD1EC9AF47009433A7 /* BaiTap4 */ = {
			isa = PBXNativeTarget;
			buildConfigurationList = 8A6BB0D61EC9AF48009433A7 /* Build configuration list for PBXNativeTarget "BaiTap4" */;
			buildPhases = (
				8A6BB0AA1EC9AF47009433A7 /* Sources */,
				8A6BB0AB1EC9AF47009433A7 /* Frameworks */,
				8A6BB0AC1EC9AF47009433A7 /* Resources */,
			);
			buildRules = (
			);
			dependencies = (
			);
			name = BaiTap4;
			productName = BaiTap4;
			productReference = 8A6BB0AE1EC9AF47009433A7 /* BaiTap4.app */;
			productType = "com.apple.product-type.application";
		};
		8A6BB0C11EC9AF48009433A7 /* BaiTap4Tests */ = {
			isa = PBXNativeTarget;
			buildConfigurationList = 8A6BB0D91EC9AF48009433A7 /* Build configuration list for PBXNativeTarget "BaiTap4Tests" */;
			buildPhases = (
				8A6BB0BE1EC9AF48009433A7 /* Sources */,
				8A6BB0BF1EC9AF48009433A7 /* Frameworks */,
				8A6BB0C01EC9AF48009433A7 /* Resources */,
			);
			buildRules = (
			);
			dependencies = (
				8A6BB0C41EC9AF48009433A7 /* PBXTargetDependency */,
			);
			name = BaiTap4Tests;
			productName = BaiTap4Tests;
			productReference = 8A6BB0C21EC9AF48009433A7 /* BaiTap4Tests.xctest */;
			productType = "com.apple.product-type.bundle.unit-test";
		};
		8A6BB0CC1EC9AF48009433A7 /* BaiTap4UITests */ = {
			isa = PBXNativeTarget;
			buildConfigurationList = 8A6BB0DC1EC9AF48009433A7 /* Build configuration list for PBXNativeTarget "BaiTap4UITests" */;
			buildPhases = (
				8A6BB0C91EC9AF48009433A7 /* Sources */,
				8A6BB0CA1EC9AF48009433A7 /* Frameworks */,
				8A6BB0CB1EC9AF48009433A7 /* Resources */,
			);
			buildRules = (
			);
			dependencies = (
				8A6BB0CF1EC9AF48009433A7 /* PBXTargetDependency */,
			);
			name = BaiTap4UITests;
			productName = BaiTap4UITests;
			productReference = 8A6BB0CD1EC9AF48009433A7 /* BaiTap4UITests.xctest */;
			productType = "com.apple.product-type.bundle.ui-testing";
		};
/* End PBXNativeTarget section */

/* Begin PBXProject section */
		8A6BB0A61EC9AF47009433A7 /* Project object */ = {
			isa = PBXProject;
			attributes = {
				LastSwiftUpdateCheck = 0730;
				LastUpgradeCheck = 0730;
				ORGANIZATIONNAME = cuscedu;
				TargetAttributes = {
					8A6BB0AD1EC9AF47009433A7 = {
						CreatedOnToolsVersion = 7.3.1;
						DevelopmentTeam = PZ54T3Z965;
					};
					8A6BB0C11EC9AF48009433A7 = {
						CreatedOnToolsVersion = 7.3.1;
						TestTargetID = 8A6BB0AD1EC9AF47009433A7;
					};
					8A6BB0CC1EC9AF48009433A7 = {
						CreatedOnToolsVersion = 7.3.1;
						TestTargetID = 8A6BB0AD1EC9AF47009433A7;
					};
				};
			};
			buildConfigurationList = 8A6BB0A91EC9AF47009433A7 /* Build configuration list for PBXProject "BaiTap4" */;
			compatibilityVersion = "Xcode 3.2";
			developmentRegion = English;
			hasScannedForEncodings = 0;
			knownRegions = (
				en,
				Base,
			);
			mainGroup = 8A6BB0A51EC9AF47009433A7;
			productRefGroup = 8A6BB0AF1EC9AF47009433A7 /* Products */;
			projectDirPath = "";
			projectRoot = "";
			targets = (
				8A6BB0AD1EC9AF47009433A7 /* BaiTap4 */,
				8A6BB0C11EC9AF48009433A7 /* BaiTap4Tests */,
				8A6BB0CC1EC9AF48009433A7 /* BaiTap4UITests */,
			);
		};
/* End PBXProject section */

/* Begin PBXResourcesBuildPhase section */
		8A6BB0AC1EC9AF47009433A7 /* Resources */ = {
			isa = PBXResourcesBuildPhase;
			buildActionMask = 2147483647;
			files = (
				8A0EB7B11ECC3F560057DCFD /* hotel.jpg in Resources */,
				8A6BB0BC1EC9AF47009433A7 /* LaunchScreen.storyboard in Resources */,
				8A6BB0B91EC9AF47009433A7 /* Assets.xcassets in Resources */,
				8A6BB0B71EC9AF47009433A7 /* Main.storyboard in Resources */,
			);
			runOnlyForDeploymentPostprocessing = 0;
		};
		8A6BB0C01EC9AF48009433A7 /* Resources */ = {
			isa = PBXResourcesBuildPhase;
			buildActionMask = 2147483647;
			files = (
			);
			runOnlyForDeploymentPostprocessing = 0;
		};
		8A6BB0CB1EC9AF48009433A7 /* Resources */ = {
			isa = PBXResourcesBuildPhase;
			buildActionMask = 2147483647;
			files = (
			);
			runOnlyForDeploymentPostprocessing = 0;
		};
/* End PBXResourcesBuildPhase section */

/* Begin PBXSourcesBuildPhase section */
		8A6BB0AA1EC9AF47009433A7 /* Sources */ = {
			isa = PBXSourcesBuildPhase;
			buildActionMask = 2147483647;
			files = (
				8A6BB0B41EC9AF47009433A7 /* ViewController.swift in Sources */,
				8A6BB0B21EC9AF47009433A7 /* AppDelegate.swift in Sources */,
			);
			runOnlyForDeploymentPostprocessing = 0;
		};
		8A6BB0BE1EC9AF48009433A7 /* Sources */ = {
			isa = PBXSourcesBuildPhase;
			buildActionMask = 2147483647;
			files = (
				8A6BB0C71EC9AF48009433A7 /* BaiTap4Tests.swift in Sources */,
			);
			runOnlyForDeploymentPostprocessing = 0;
		};
		8A6BB0C91EC9AF48009433A7 /* Sources */ = {
			isa = PBXSourcesBuildPhase;
			buildActionMask = 2147483647;
			files = (
				8A6BB0D21EC9AF48009433A7 /* BaiTap4UITests.swift in Sources */,
			);
			runOnlyForDeploymentPostprocessing = 0;
		};
/* End PBXSourcesBuildPhase section */

/* Begin PBXTargetDependency section */
		8A6BB0C41EC9AF48009433A7 /* PBXTargetDependency */ = {
			isa = PBXTargetDependency;
			target = 8A6BB0AD1EC9AF47009433A7 /* BaiTap4 */;
			targetProxy = 8A6BB0C31EC9AF48009433A7 /* PBXContainerItemProxy */;
		};
		8A6BB0CF1EC9AF48009433A7 /* PBXTargetDependency */ = {
			isa = PBXTargetDependency;
			target = 8A6BB0AD1EC9AF47009433A7 /* BaiTap4 */;
			targetProxy = 8A6BB0CE1EC9AF48009433A7 /* PBXContainerItemProxy */;
		};
/* End PBXTargetDependency section */

/* Begin PBXVariantGroup section */
		8A6BB0B51EC9AF47009433A7 /* Main.storyboard */ = {
			isa = PBXVariantGroup;
			children = (
				8A6BB0B61EC9AF47009433A7 /* Base */,
			);
			name = Main.storyboard;
			sourceTree = "<group>";
		};
		8A6BB0BA1EC9AF47009433A7 /* LaunchScreen.storyboard */ = {
			isa = PBXVariantGroup;
			children = (
				8A6BB0BB1EC9AF47009433A7 /* Base */,
			);
			name = LaunchScreen.storyboard;
			sourceTree = "<group>";
		};
/* End PBXVariantGroup section */

/* Begin XCBuildConfiguration section */
		8A6BB0D41EC9AF48009433A7 /* Debug */ = {
			isa = XCBuildConfiguration;
			buildSettings = {
				ALWAYS_SEARCH_USER_PATHS = NO;
				CLANG_ANALYZER_NONNULL = YES;
				CLANG_CXX_LANGUAGE_STANDARD = "gnu++0x";
				CLANG_CXX_LIBRARY = "libc++";
				CLANG_ENABLE_MODULES = YES;
				CLANG_ENABLE_OBJC_ARC = YES;
				CLANG_WARN_BOOL_CONVERSION = YES;
				CLANG_WARN_CONSTANT_CONVERSION = YES;
				CLANG_WARN_DIRECT_OBJC_ISA_USAGE = YES_ERROR;
				CLANG_WARN_EMPTY_BODY = YES;
				CLANG_WARN_ENUM_CONVERSION = YES;
				CLANG_WARN_INT_CONVERSION = YES;
				CLANG_WARN_OBJC_ROOT_CLASS = YES_ERROR;
				CLANG_WARN_UNREACHABLE_CODE = YES;
				CLANG_WARN__DUPLICATE_METHOD_MATCH = YES;
				"CODE_SIGN_IDENTITY[sdk=iphoneos*]" = "iPhone Developer";
				COPY_PHASE_STRIP = NO;
				DEBUG_INFORMATION_FORMAT = dwarf;
				ENABLE_STRICT_OBJC_MSGSEND = YES;
				ENABLE_TESTABILITY = YES;
				GCC_C_LANGUAGE_STANDARD = gnu99;
				GCC_DYNAMIC_NO_PIC = NO;
				GCC_NO_COMMON_BLOCKS = YES;
				GCC_OPTIMIZATION_LEVEL = 0;
				GCC_PREPROCESSOR_DEFINITIONS = (
					"DEBUG=1",
					"$(inherited)",
				);
				GCC_WARN_64_TO_32_BIT_CONVERSION = YES;
				GCC_WARN_ABOUT_RETURN_TYPE = YES_ERROR;
				GCC_WARN_UNDECLARED_SELECTOR = YES;
				GCC_WARN_UNINITIALIZED_AUTOS = YES_AGGRESSIVE;
				GCC_WARN_UNUSED_FUNCTION = YES;
				GCC_WARN_UNUSED_VARIABLE = YES;
				IPHONEOS_DEPLOYMENT_TARGET = 9.3;
				MTL_ENABLE_DEBUG_INFO = YES;
				ONLY_ACTIVE_ARCH = YES;
				SDKROOT = iphoneos;
				SWIFT_OPTIMIZATION_LEVEL = "-Onone";
				TARGETED_DEVICE_FAMILY = "1,2";
			};
			name = Debug;
		};
		8A6BB0D51EC9AF48009433A7 /* Release */ = {
			isa = XCBuildConfiguration;
			buildSettings = {
				ALWAYS_SEARCH_USER_PATHS = NO;
				CLANG_ANALYZER_NONNULL = YES;
				CLANG_CXX_LANGUAGE_STANDARD = "gnu++0x";
				CLANG_CXX_LIBRARY = "libc++";
				CLANG_ENABLE_MODULES = YES;
				CLANG_ENABLE_OBJC_ARC = YES;
				CLANG_WARN_BOOL_CONVERSION = YES;
				CLANG_WARN_CONSTANT_CONVERSION = YES;
				CLANG_WARN_DIRECT_OBJC_ISA_USAGE = YES_ERROR;
				CLANG_WARN_EMPTY_BODY = YES;
				CLANG_WARN_ENUM_CONVERSION = YES;
				CLANG_WARN_INT_CONVERSION = YES;
				CLANG_WARN_OBJC_ROOT_CLASS = YES_ERROR;
				CLANG_WARN_UNREACHABLE_CODE = YES;
				CLANG_WARN__DUPLICATE_METHOD_MATCH = YES;
				"CODE_SIGN_IDENTITY[sdk=iphoneos*]" = "iPhone Developer";
				COPY_PHASE_STRIP = NO;
				DEBUG_INFORMATION_FORMAT = "dwarf-with-dsym";
				ENABLE_NS_ASSERTIONS = NO;
				ENABLE_STRICT_OBJC_MSGSEND = YES;
				GCC_C_LANGUAGE_STANDARD = gnu99;
				GCC_NO_COMMON_BLOCKS = YES;
				GCC_WARN_64_TO_32_BIT_CONVERSION = YES;
				GCC_WARN_ABOUT_RETURN_TYPE = YES_ERROR;
				GCC_WARN_UNDECLARED_SELECTOR = YES;
				GCC_WARN_UNINITIALIZED_AUTOS = YES_AGGRESSIVE;
				GCC_WARN_UNUSED_FUNCTION = YES;
				GCC_WARN_UNUSED_VARIABLE = YES;
				IPHONEOS_DEPLOYMENT_TARGET = 9.3;
				MTL_ENABLE_DEBUG_INFO = NO;
				SDKROOT = iphoneos;
				TARGETED_DEVICE_FAMILY = "1,2";
				VALIDATE_PRODUCT = YES;
			};
			name = Release;
		};
		8A6BB0D71EC9AF48009433A7 /* Debug */ = {
			isa = XCBuildConfiguration;
			buildSettings = {
				ASSETCATALOG_COMPILER_APPICON_NAME = AppIcon;
				CODE_SIGN_IDENTITY = "iPhone Developer";
				INFOPLIST_FILE = BaiTap4/Info.plist;
				LD_RUNPATH_SEARCH_PATHS = "$(inherited) @executable_path/Frameworks";
				PRODUCT_BUNDLE_IDENTIFIER = cusc.com.BaiTap4;
				PRODUCT_NAME = "$(TARGET_NAME)";
			};
			name = Debug;
		};
		8A6BB0D81EC9AF48009433A7 /* Release */ = {
			isa = XCBuildConfiguration;
			buildSettings = {
				ASSETCATALOG_COMPILER_APPICON_NAME = AppIcon;
				CODE_SIGN_IDENTITY = "iPhone Developer";
				INFOPLIST_FILE = BaiTap4/Info.plist;
				LD_RUNPATH_SEARCH_PATHS = "$(inherited) @executable_path/Frameworks";
				PRODUCT_BUNDLE_IDENTIFIER = cusc.com.BaiTap4;
				PRODUCT_NAME = "$(TARGET_NAME)";
			};
			name = Release;
		};
		8A6BB0DA1EC9AF48009433A7 /* Debug */ = {
			isa = XCBuildConfiguration;
			buildSettings = {
				BUNDLE_LOADER = "$(TEST_HOST)";
				INFOPLIST_FILE = BaiTap4Tests/Info.plist;
				LD_RUNPATH_SEARCH_PATHS = "$(inherited) @executable_path/Frameworks @loader_path/Frameworks";
				PRODUCT_BUNDLE_IDENTIFIER = cusc.com.BaiTap4Tests;
				PRODUCT_NAME = "$(TARGET_NAME)";
				TEST_HOST = "$(BUILT_PRODUCTS_DIR)/BaiTap4.app/BaiTap4";
			};
			name = Debug;
		};
		8A6BB0DB1EC9AF48009433A7 /* Release */ = {
			isa = XCBuildConfiguration;
			buildSettings = {
				BUNDLE_LOADER = "$(TEST_HOST)";
				INFOPLIST_FILE = BaiTap4Tests/Info.plist;
				LD_RUNPATH_SEARCH_PATHS = "$(inherited) @executable_path/Frameworks @loader_path/Frameworks";
				PRODUCT_BUNDLE_IDENTIFIER = cusc.com.BaiTap4Tests;
				PRODUCT_NAME = "$(TARGET_NAME)";
				TEST_HOST = "$(BUILT_PRODUCTS_DIR)/BaiTap4.app/BaiTap4";
			};
			name = Release;
		};
		8A6BB0DD1EC9AF48009433A7 /* Debug */ = {
			isa = XCBuildConfiguration;
			buildSettings = {
				INFOPLIST_FILE = BaiTap4UITests/Info.plist;
				LD_RUNPATH_SEARCH_PATHS = "$(inherited) @executable_path/Frameworks @loader_path/Frameworks";
				PRODUCT_BUNDLE_IDENTIFIER = cusc.com.BaiTap4UITests;
				PRODUCT_NAME = "$(TARGET_NAME)";
				TEST_TARGET_NAME = BaiTap4;
			};
			name = Debug;
		};
		8A6BB0DE1EC9AF48009433A7 /* Release */ = {
			isa = XCBuildConfiguration;
			buildSettings = {
				INFOPLIST_FILE = BaiTap4UITests/Info.plist;
				LD_RUNPATH_SEARCH_PATHS = "$(inherited) @executable_path/Frameworks @loader_path/Frameworks";
				PRODUCT_BUNDLE_IDENTIFIER = cusc.com.BaiTap4UITests;
				PRODUCT_NAME = "$(TARGET_NAME)";
				TEST_TARGET_NAME = BaiTap4;
			};
			name = Release;
		};
/* End XCBuildConfiguration section */

/* Begin XCConfigurationList section */
		8A6BB0A91EC9AF47009433A7 /* Build configuration list for PBXProject "BaiTap4" */ = {
			isa = XCConfigurationList;
			buildConfigurations = (
				8A6BB0D41EC9AF48009433A7 /* Debug */,
				8A6BB0D51EC9AF48009433A7 /* Release */,
			);
			defaultConfigurationIsVisible = 0;
			defaultConfigurationName = Release;
		};
		8A6BB0D61EC9AF48009433A7 /* Build configuration list for PBXNativeTarget "BaiTap4" */ = {
			isa = XCConfigurationList;
			buildConfigurations = (
				8A6BB0D71EC9AF48009433A7 /* Debug */,
				8A6BB0D81EC9AF48009433A7 /* Release */,
			);
			defaultConfigurationIsVisible = 0;
			defaultConfigurationName = Release;
		};
		8A6BB0D91EC9AF48009433A7 /* Build configuration list for PBXNativeTarget "BaiTap4Tests" */ = {
			isa = XCConfigurationList;
			buildConfigurations = (
				8A6BB0DA1EC9AF48009433A7 /* Debug */,
				8A6BB0DB1EC9AF48009433A7 /* Release */,
			);
			defaultConfigurationIsVisible = 0;
			defaultConfigurationName = Release;
		};
		8A6BB0DC1EC9AF48009433A7 /* Build configuration list for PBXNativeTarget "BaiTap4UITests" */ = {
			isa = XCConfigurationList;
			buildConfigurations = (
				8A6BB0DD1EC9AF48009433A7 /* Debug */,
				8A6BB0DE1EC9AF48009433A7 /* Release */,
			);
			defaultConfigurationIsVisible = 0;
			defaultConfigurationName = Release;
		};
/* End XCConfigurationList section */
	};
	rootObject = 8A6BB0A61EC9AF47009433A7 /* Project object */;
}
